
Microsoft Visual Studio Solution File, Format Version 12.00
# Visual Studio Version 17
VisualStudioVersion = 17.1.32407.343
MinimumVisualStudioVersion = 10.0.40219.1
Project("{FAE04EC0-301F-11D3-BF4B-00C04F79EFBC}") = "MengajiOne2One", "MengajiOne2One.csproj", "{D387B54C-0129-4518-A947-E4E6B631EAFB}"
EndProject
Global
	GlobalSection(SolutionConfigurationPlatforms) = preSolution
		Debug|Any CPU = Debug|Any CPU
		Release|Any CPU = Release|Any CPU
	EndGlobalSection
	GlobalSection(ProjectConfigurationPlatforms) = postSolution
		{D387B54C-0129-4518-A947-E4E6B631EAFB}.Debug|Any CPU.ActiveCfg = Debug|Any CPU
		{D387B54C-0129-4518-A947-E4E6B631EAFB}.Debug|Any CPU.Build.0 = Debug|Any CPU
		{D387B54C-0129-4518-A947-E4E6B631EAFB}.Release|Any CPU.ActiveCfg = Release|Any CPU
		{D387B54C-0129-4518-A947-E4E6B631EAFB}.Release|Any CPU.Build.0 = Release|Any CPU
	EndGlobalSection
	GlobalSection(SolutionProperties) = preSolution
		HideSolutionNode = FALSE
	EndGlobalSection
	GlobalSection(ExtensibilityGlobals) = postSolution
		SolutionGuid = {148F19BD-4684-4562-BE48-103EBFC7A0A3}
	EndGlobalSection
EndGlobal
